
Microsoft Visual Studio Solution File, Format Version 12.00
# Visual Studio Version 17
VisualStudioVersion = 17.9.34622.214
MinimumVisualStudioVersion = 10.0.40219.1
Project("{FAE04EC0-301F-11D3-BF4B-00C04F79EFBC}") = "tgbot", "tgbot\tgbot.csproj", "{B381D490-96E1-43CA-8003-D6EB83ACE602}"
EndProject
Global
	GlobalSection(SolutionConfigurationPlatforms) = preSolution
		Debug|Any CPU = Debug|Any CPU
		Release|Any CPU = Release|Any CPU
	EndGlobalSection
	GlobalSection(ProjectConfigurationPlatforms) = postSolution
		{B381D490-96E1-43CA-8003-D6EB83ACE602}.Debug|Any CPU.ActiveCfg = Debug|Any CPU
		{B381D490-96E1-43CA-8003-D6EB83ACE602}.Debug|Any CPU.Build.0 = Debug|Any CPU
		{B381D490-96E1-43CA-8003-D6EB83ACE602}.Release|Any CPU.ActiveCfg = Release|Any CPU
		{B381D490-96E1-43CA-8003-D6EB83ACE602}.Release|Any CPU.Build.0 = Release|Any CPU
	EndGlobalSection
	GlobalSection(SolutionProperties) = preSolution
		HideSolutionNode = FALSE
	EndGlobalSection
	GlobalSection(ExtensibilityGlobals) = postSolution
		SolutionGuid = {314D7ABB-86D5-493E-8BA0-535C991A87F3}
	EndGlobalSection
EndGlobal
